
Microsoft Visual Studio Solution File, Format Version 12.00
# Visual Studio 2012
Project("{FAE04EC0-301F-11D3-BF4B-00C04F79EFBC}") = "MobileCache", "MobileCache\MobileCache.csproj", "{925416F9-A771-416B-BA0C-E9B79C589A29}"
EndProject
Project("{FAE04EC0-301F-11D3-BF4B-00C04F79EFBC}") = "MobileCache.iOS", "iOS\MobileCache.iOS.csproj", "{1F177D96-D052-4EF5-BFE2-6A8D9637AFA2}"
EndProject
Project("{FAE04EC0-301F-11D3-BF4B-00C04F79EFBC}") = "MobileCache.Droid", "Droid\MobileCache.Droid.csproj", "{F469CA74-B56C-4B52-952B-9EE4399182F4}"
EndProject
Global
	GlobalSection(SolutionConfigurationPlatforms) = preSolution
		Debug|Any CPU = Debug|Any CPU
		Release|Any CPU = Release|Any CPU
		Debug|iPhoneSimulator = Debug|iPhoneSimulator
		Release|iPhone = Release|iPhone
		Release|iPhoneSimulator = Release|iPhoneSimulator
		Debug|iPhone = Debug|iPhone
	EndGlobalSection
	GlobalSection(ProjectConfigurationPlatforms) = postSolution
		{1F177D96-D052-4EF5-BFE2-6A8D9637AFA2}.Debug|Any CPU.ActiveCfg = Debug|iPhoneSimulator
		{1F177D96-D052-4EF5-BFE2-6A8D9637AFA2}.Debug|Any CPU.Build.0 = Debug|iPhoneSimulator
		{1F177D96-D052-4EF5-BFE2-6A8D9637AFA2}.Debug|iPhone.ActiveCfg = Debug|iPhone
		{1F177D96-D052-4EF5-BFE2-6A8D9637AFA2}.Debug|iPhone.Build.0 = Debug|iPhone
		{1F177D96-D052-4EF5-BFE2-6A8D9637AFA2}.Debug|iPhoneSimulator.ActiveCfg = Debug|iPhoneSimulator
		{1F177D96-D052-4EF5-BFE2-6A8D9637AFA2}.Debug|iPhoneSimulator.Build.0 = Debug|iPhoneSimulator
		{1F177D96-D052-4EF5-BFE2-6A8D9637AFA2}.Release|Any CPU.ActiveCfg = Release|iPhone
		{1F177D96-D052-4EF5-BFE2-6A8D9637AFA2}.Release|Any CPU.Build.0 = Release|iPhone
		{1F177D96-D052-4EF5-BFE2-6A8D9637AFA2}.Release|iPhone.ActiveCfg = Release|iPhone
		{1F177D96-D052-4EF5-BFE2-6A8D9637AFA2}.Release|iPhone.Build.0 = Release|iPhone
		{1F177D96-D052-4EF5-BFE2-6A8D9637AFA2}.Release|iPhoneSimulator.ActiveCfg = Release|iPhoneSimulator
		{1F177D96-D052-4EF5-BFE2-6A8D9637AFA2}.Release|iPhoneSimulator.Build.0 = Release|iPhoneSimulator
		{925416F9-A771-416B-BA0C-E9B79C589A29}.Debug|Any CPU.ActiveCfg = Debug|Any CPU
		{925416F9-A771-416B-BA0C-E9B79C589A29}.Debug|Any CPU.Build.0 = Debug|Any CPU
		{925416F9-A771-416B-BA0C-E9B79C589A29}.Debug|iPhone.ActiveCfg = Debug|Any CPU
		{925416F9-A771-416B-BA0C-E9B79C589A29}.Debug|iPhone.Build.0 = Debug|Any CPU
		{925416F9-A771-416B-BA0C-E9B79C589A29}.Debug|iPhoneSimulator.ActiveCfg = Debug|Any CPU
		{925416F9-A771-416B-BA0C-E9B79C589A29}.Debug|iPhoneSimulator.Build.0 = Debug|Any CPU
		{925416F9-A771-416B-BA0C-E9B79C589A29}.Release|Any CPU.ActiveCfg = Release|Any CPU
		{925416F9-A771-416B-BA0C-E9B79C589A29}.Release|Any CPU.Build.0 = Release|Any CPU
		{925416F9-A771-416B-BA0C-E9B79C589A29}.Release|iPhone.ActiveCfg = Release|Any CPU
		{925416F9-A771-416B-BA0C-E9B79C589A29}.Release|iPhone.Build.0 = Release|Any CPU
		{925416F9-A771-416B-BA0C-E9B79C589A29}.Release|iPhoneSimulator.ActiveCfg = Release|Any CPU
		{925416F9-A771-416B-BA0C-E9B79C589A29}.Release|iPhoneSimulator.Build.0 = Release|Any CPU
		{F469CA74-B56C-4B52-952B-9EE4399182F4}.Debug|Any CPU.ActiveCfg = Debug|Any CPU
		{F469CA74-B56C-4B52-952B-9EE4399182F4}.Debug|Any CPU.Build.0 = Debug|Any CPU
		{F469CA74-B56C-4B52-952B-9EE4399182F4}.Debug|iPhone.ActiveCfg = Debug|Any CPU
		{F469CA74-B56C-4B52-952B-9EE4399182F4}.Debug|iPhone.Build.0 = Debug|Any CPU
		{F469CA74-B56C-4B52-952B-9EE4399182F4}.Debug|iPhoneSimulator.ActiveCfg = Debug|Any CPU
		{F469CA74-B56C-4B52-952B-9EE4399182F4}.Debug|iPhoneSimulator.Build.0 = Debug|Any CPU
		{F469CA74-B56C-4B52-952B-9EE4399182F4}.Release|Any CPU.ActiveCfg = Release|Any CPU
		{F469CA74-B56C-4B52-952B-9EE4399182F4}.Release|Any CPU.Build.0 = Release|Any CPU
		{F469CA74-B56C-4B52-952B-9EE4399182F4}.Release|iPhone.ActiveCfg = Release|Any CPU
		{F469CA74-B56C-4B52-952B-9EE4399182F4}.Release|iPhone.Build.0 = Release|Any CPU
		{F469CA74-B56C-4B52-952B-9EE4399182F4}.Release|iPhoneSimulator.ActiveCfg = Release|Any CPU
		{F469CA74-B56C-4B52-952B-9EE4399182F4}.Release|iPhoneSimulator.Build.0 = Release|Any CPU
	EndGlobalSection
EndGlobal
